// !$*UTF8*$!
{
	archiveVersion = 1;
	classes = {
	};
	objectVersion = 50;
	objects = {

/* Begin PBXBuildFile section */
		0405B46122EB8E0500A46834 /* parseClient.swift in Sources */ = {isa = PBXBuildFile; fileRef = 0405B46022EB8E0500A46834 /* parseClient.swift */; };
		04171D6F22DE576E0006B6F7 /* Assets.xcassets in Resources */ = {isa = PBXBuildFile; fileRef = 04171D6E22DE576E0006B6F7 /* Assets.xcassets */; };
		04171D7222DE576E0006B6F7 /* LaunchScreen.storyboard in Resources */ = {isa = PBXBuildFile; fileRef = 04171D7022DE576E0006B6F7 /* LaunchScreen.storyboard */; };
		04171D7D22DE576E0006B6F7 /* virtual_torrestTests.swift in Sources */ = {isa = PBXBuildFile; fileRef = 04171D7C22DE576E0006B6F7 /* virtual_torrestTests.swift */; };
		04171D8822DE576E0006B6F7 /* virtual_torrestUITests.swift in Sources */ = {isa = PBXBuildFile; fileRef = 04171D8722DE576E0006B6F7 /* virtual_torrestUITests.swift */; };
		04171D9D22DE57FC0006B6F7 /* Main.storyboard in Resources */ = {isa = PBXBuildFile; fileRef = 04171D9C22DE57FC0006B6F7 /* Main.storyboard */; };
		04171DA122DE58610006B6F7 /* ImagesViewController.swift in Sources */ = {isa = PBXBuildFile; fileRef = 04171D9E22DE58600006B6F7 /* ImagesViewController.swift */; };
		04171DA222DE58610006B6F7 /* MapViewController.swift in Sources */ = {isa = PBXBuildFile; fileRef = 04171D9F22DE58610006B6F7 /* MapViewController.swift */; };
		04171DA322DE58610006B6F7 /* CollectionViewCell.swift in Sources */ = {isa = PBXBuildFile; fileRef = 04171DA022DE58610006B6F7 /* CollectionViewCell.swift */; };
		04171DA522DE58690006B6F7 /* Client.swift in Sources */ = {isa = PBXBuildFile; fileRef = 04171D9922DE57CD0006B6F7 /* Client.swift */; };
		04171DA922DE58700006B6F7 /* DataController.swift in Sources */ = {isa = PBXBuildFile; fileRef = 04171DA822DE58700006B6F7 /* DataController.swift */; };
		04171DAB22DE59ED0006B6F7 /* AppDelegate.swift in Sources */ = {isa = PBXBuildFile; fileRef = 04171DAA22DE59ED0006B6F7 /* AppDelegate.swift */; };
		04171DAE22DE5AC80006B6F7 /* mapAnnotations.xcdatamodeld in Sources */ = {isa = PBXBuildFile; fileRef = 04171DAC22DE5AC80006B6F7 /* mapAnnotations.xcdatamodeld */; };
/* End PBXBuildFile section */

/* Begin PBXContainerItemProxy section */
		04171D7922DE576E0006B6F7 /* PBXContainerItemProxy */ = {
			isa = PBXContainerItemProxy;
			containerPortal = 04171D5C22DE576D0006B6F7 /* Project object */;
			proxyType = 1;
			remoteGlobalIDString = 04171D6322DE576D0006B6F7;
			remoteInfo = "virtual-torrest";
		};
		04171D8422DE576E0006B6F7 /* PBXContainerItemProxy */ = {
			isa = PBXContainerItemProxy;
			containerPortal = 04171D5C22DE576D0006B6F7 /* Project object */;
			proxyType = 1;
			remoteGlobalIDString = 04171D6322DE576D0006B6F7;
			remoteInfo = "virtual-torrest";
		};
/* End PBXContainerItemProxy section */

/* Begin PBXFileReference section */
		0405B46022EB8E0500A46834 /* parseClient.swift */ = {isa = PBXFileReference; fileEncoding = 4; lastKnownFileType = sourcecode.swift; path = parseClient.swift; sourceTree = "<group>"; };
		04171D6422DE576D0006B6F7 /* virtual-torrest.app */ = {isa = PBXFileReference; explicitFileType = wrapper.application; includeInIndex = 0; path = "virtual-torrest.app"; sourceTree = BUILT_PRODUCTS_DIR; };
		04171D6E22DE576E0006B6F7 /* Assets.xcassets */ = {isa = PBXFileReference; lastKnownFileType = folder.assetcatalog; path = Assets.xcassets; sourceTree = "<group>"; };
		04171D7122DE576E0006B6F7 /* Base */ = {isa = PBXFileReference; lastKnownFileType = file.storyboard; name = Base; path = Base.lproj/LaunchScreen.storyboard; sourceTree = "<group>"; };
		04171D7322DE576E0006B6F7 /* Info.plist */ = {isa = PBXFileReference; lastKnownFileType = text.plist.xml; path = Info.plist; sourceTree = "<group>"; };
		04171D7822DE576E0006B6F7 /* virtual-torrestTests.xctest */ = {isa = PBXFileReference; explicitFileType = wrapper.cfbundle; includeInIndex = 0; path = "virtual-torrestTests.xctest"; sourceTree = BUILT_PRODUCTS_DIR; };
		04171D7C22DE576E0006B6F7 /* virtual_torrestTests.swift */ = {isa = PBXFileReference; lastKnownFileType = sourcecode.swift; path = virtual_torrestTests.swift; sourceTree = "<group>"; };
		04171D7E22DE576E0006B6F7 /* Info.plist */ = {isa = PBXFileReference; lastKnownFileType = text.plist.xml; path = Info.plist; sourceTree = "<group>"; };
		04171D8322DE576E0006B6F7 /* virtual-torrestUITests.xctest */ = {isa = PBXFileReference; explicitFileType = wrapper.cfbundle; includeInIndex = 0; path = "virtual-torrestUITests.xctest"; sourceTree = BUILT_PRODUCTS_DIR; };
		04171D8722DE576E0006B6F7 /* virtual_torrestUITests.swift */ = {isa = PBXFileReference; lastKnownFileType = sourcecode.swift; path = virtual_torrestUITests.swift; sourceTree = "<group>"; };
		04171D8922DE576E0006B6F7 /* Info.plist */ = {isa = PBXFileReference; lastKnownFileType = text.plist.xml; path = Info.plist; sourceTree = "<group>"; };
		04171D9922DE57CD0006B6F7 /* Client.swift */ = {isa = PBXFileReference; lastKnownFileType = sourcecode.swift; path = Client.swift; sourceTree = "<group>"; };
		04171D9C22DE57FC0006B6F7 /* Main.storyboard */ = {isa = PBXFileReference; fileEncoding = 4; lastKnownFileType = file.storyboard; path = Main.storyboard; sourceTree = "<group>"; };
		04171D9E22DE58600006B6F7 /* ImagesViewController.swift */ = {isa = PBXFileReference; lastKnownFileType = sourcecode.swift; path = ImagesViewController.swift; sourceTree = "<group>"; };
		04171D9F22DE58610006B6F7 /* MapViewController.swift */ = {isa = PBXFileReference; lastKnownFileType = sourcecode.swift; path = MapViewController.swift; sourceTree = "<group>"; };
		04171DA022DE58610006B6F7 /* CollectionViewCell.swift */ = {isa = PBXFileReference; lastKnownFileType = sourcecode.swift; path = CollectionViewCell.swift; sourceTree = "<group>"; };
		04171DA822DE58700006B6F7 /* DataController.swift */ = {isa = PBXFileReference; lastKnownFileType = sourcecode.swift; path = DataController.swift; sourceTree = "<group>"; };
		04171DAA22DE59ED0006B6F7 /* AppDelegate.swift */ = {isa = PBXFileReference; fileEncoding = 4; lastKnownFileType = sourcecode.swift; path = AppDelegate.swift; sourceTree = "<group>"; };
		04171DAD22DE5AC80006B6F7 /* mapAnnotations.xcdatamodel */ = {isa = PBXFileReference; lastKnownFileType = wrapper.xcdatamodel; path = mapAnnotations.xcdatamodel; sourceTree = "<group>"; };
/* End PBXFileReference section */

/* Begin PBXFrameworksBuildPhase section */
		04171D6122DE576D0006B6F7 /* Frameworks */ = {
			isa = PBXFrameworksBuildPhase;
			buildActionMask = 2147483647;
			files = (
			);
			runOnlyForDeploymentPostprocessing = 0;
		};
		04171D7522DE576E0006B6F7 /* Frameworks */ = {
			isa = PBXFrameworksBuildPhase;
			buildActionMask = 2147483647;
			files = (
			);
			runOnlyForDeploymentPostprocessing = 0;
		};
		04171D8022DE576E0006B6F7 /* Frameworks */ = {
			isa = PBXFrameworksBuildPhase;
			buildActionMask = 2147483647;
			files = (
			);
			runOnlyForDeploymentPostprocessing = 0;
		};
/* End PBXFrameworksBuildPhase section */

/* Begin PBXGroup section */
		04171D5B22DE576D0006B6F7 = {
			isa = PBXGroup;
			children = (
				04171D7322DE576E0006B6F7 /* Info.plist */,
				04171D6622DE576D0006B6F7 /* virtual-torrest */,
				04171D7B22DE576E0006B6F7 /* virtual-torrestTests */,
				04171D8622DE576E0006B6F7 /* virtual-torrestUITests */,
				04171D6522DE576D0006B6F7 /* Products */,
			);
			sourceTree = "<group>";
		};
		04171D6522DE576D0006B6F7 /* Products */ = {
			isa = PBXGroup;
			children = (
				04171D6422DE576D0006B6F7 /* virtual-torrest.app */,
				04171D7822DE576E0006B6F7 /* virtual-torrestTests.xctest */,
				04171D8322DE576E0006B6F7 /* virtual-torrestUITests.xctest */,
			);
			name = Products;
			sourceTree = "<group>";
		};
		04171D6622DE576D0006B6F7 /* virtual-torrest */ = {
			isa = PBXGroup;
			children = (
				04171DAA22DE59ED0006B6F7 /* AppDelegate.swift */,
				049D5E4822E4F3D00084EF3C /* Model */,
				049D5E4922E4F3E50084EF3C /* View */,
				049D5E4A22E4F3EB0084EF3C /* Controller */,
			);
			path = "virtual-torrest";
			sourceTree = "<group>";
		};
		04171D7B22DE576E0006B6F7 /* virtual-torrestTests */ = {
			isa = PBXGroup;
			children = (
				04171D7C22DE576E0006B6F7 /* virtual_torrestTests.swift */,
				04171D7E22DE576E0006B6F7 /* Info.plist */,
			);
			path = "virtual-torrestTests";
			sourceTree = "<group>";
		};
		04171D8622DE576E0006B6F7 /* virtual-torrestUITests */ = {
			isa = PBXGroup;
			children = (
				04171D8722DE576E0006B6F7 /* virtual_torrestUITests.swift */,
				04171D8922DE576E0006B6F7 /* Info.plist */,
			);
			path = "virtual-torrestUITests";
			sourceTree = "<group>";
		};
		049D5E4822E4F3D00084EF3C /* Model */ = {
			isa = PBXGroup;
			children = (
				04171DA822DE58700006B6F7 /* DataController.swift */,
				04171DAC22DE5AC80006B6F7 /* mapAnnotations.xcdatamodeld */,
				0405B46022EB8E0500A46834 /* parseClient.swift */,
				04171D9922DE57CD0006B6F7 /* Client.swift */,
			);
			path = Model;
			sourceTree = "<group>";
		};
		049D5E4922E4F3E50084EF3C /* View */ = {
			isa = PBXGroup;
			children = (
				04171D9C22DE57FC0006B6F7 /* Main.storyboard */,
				04171D6E22DE576E0006B6F7 /* Assets.xcassets */,
				04171D7022DE576E0006B6F7 /* LaunchScreen.storyboard */,
				04171DA022DE58610006B6F7 /* CollectionViewCell.swift */,
			);
			path = View;
			sourceTree = "<group>";
		};
		049D5E4A22E4F3EB0084EF3C /* Controller */ = {
			isa = PBXGroup;
			children = (
				04171D9E22DE58600006B6F7 /* ImagesViewController.swift */,
				04171D9F22DE58610006B6F7 /* MapViewController.swift */,
			);
			path = Controller;
			sourceTree = "<group>";
		};
/* End PBXGroup section */

/* Begin PBXNativeTarget section */
		04171D6322DE576D0006B6F7 /* virtual-torrest */ = {
			isa = PBXNativeTarget;
			buildConfigurationList = 04171D8C22DE576E0006B6F7 /* Build configuration list for PBXNativeTarget "virtual-torrest" */;
			buildPhases = (
				04171D6022DE576D0006B6F7 /* Sources */,
				04171D6122DE576D0006B6F7 /* Frameworks */,
				04171D6222DE576D0006B6F7 /* Resources */,
			);
			buildRules = (
			);
			dependencies = (
			);
			name = "virtual-torrest";
			productName = "virtual-torrest";
			productReference = 04171D6422DE576D0006B6F7 /* virtual-torrest.app */;
			productType = "com.apple.product-type.application";
		};
		04171D7722DE576E0006B6F7 /* virtual-torrestTests */ = {
			isa = PBXNativeTarget;
			buildConfigurationList = 04171D8F22DE576E0006B6F7 /* Build configuration list for PBXNativeTarget "virtual-torrestTests" */;
			buildPhases = (
				04171D7422DE576E0006B6F7 /* Sources */,
				04171D7522DE576E0006B6F7 /* Frameworks */,
				04171D7622DE576E0006B6F7 /* Resources */,
			);
			buildRules = (
			);
			dependencies = (
				04171D7A22DE576E0006B6F7 /* PBXTargetDependency */,
			);
			name = "virtual-torrestTests";
			productName = "virtual-torrestTests";
			productReference = 04171D7822DE576E0006B6F7 /* virtual-torrestTests.xctest */;
			productType = "com.apple.product-type.bundle.unit-test";
		};
		04171D8222DE576E0006B6F7 /* virtual-torrestUITests */ = {
			isa = PBXNativeTarget;
			buildConfigurationList = 04171D9222DE576E0006B6F7 /* Build configuration list for PBXNativeTarget "virtual-torrestUITests" */;
			buildPhases = (
				04171D7F22DE576E0006B6F7 /* Sources */,
				04171D8022DE576E0006B6F7 /* Frameworks */,
				04171D8122DE576E0006B6F7 /* Resources */,
			);
			buildRules = (
			);
			dependencies = (
				04171D8522DE576E0006B6F7 /* PBXTargetDependency */,
			);
			name = "virtual-torrestUITests";
			productName = "virtual-torrestUITests";
			productReference = 04171D8322DE576E0006B6F7 /* virtual-torrestUITests.xctest */;
			productType = "com.apple.product-type.bundle.ui-testing";
		};
/* End PBXNativeTarget section */

/* Begin PBXProject section */
		04171D5C22DE576D0006B6F7 /* Project object */ = {
			isa = PBXProject;
			attributes = {
				LastSwiftUpdateCheck = 1020;
				LastUpgradeCheck = 1020;
				ORGANIZATIONNAME = Mac;
				TargetAttributes = {
					04171D6322DE576D0006B6F7 = {
						CreatedOnToolsVersion = 10.2.1;
					};
					04171D7722DE576E0006B6F7 = {
						CreatedOnToolsVersion = 10.2.1;
						TestTargetID = 04171D6322DE576D0006B6F7;
					};
					04171D8222DE576E0006B6F7 = {
						CreatedOnToolsVersion = 10.2.1;
						TestTargetID = 04171D6322DE576D0006B6F7;
					};
				};
			};
			buildConfigurationList = 04171D5F22DE576D0006B6F7 /* Build configuration list for PBXProject "virtual-torrest" */;
			compatibilityVersion = "Xcode 9.3";
			developmentRegion = en;
			hasScannedForEncodings = 0;
			knownRegions = (
				en,
				Base,
			);
			mainGroup = 04171D5B22DE576D0006B6F7;
			productRefGroup = 04171D6522DE576D0006B6F7 /* Products */;
			projectDirPath = "";
			projectRoot = "";
			targets = (
				04171D6322DE576D0006B6F7 /* virtual-torrest */,
				04171D7722DE576E0006B6F7 /* virtual-torrestTests */,
				04171D8222DE576E0006B6F7 /* virtual-torrestUITests */,
			);
		};
/* End PBXProject section */

/* Begin PBXResourcesBuildPhase section */
		04171D6222DE576D0006B6F7 /* Resources */ = {
			isa = PBXResourcesBuildPhase;
			buildActionMask = 2147483647;
			files = (
				04171D7222DE576E0006B6F7 /* LaunchScreen.storyboard in Resources */,
				04171D6F22DE576E0006B6F7 /* Assets.xcassets in Resources */,
				04171D9D22DE57FC0006B6F7 /* Main.storyboard in Resources */,
			);
			runOnlyForDeploymentPostprocessing = 0;
		};
		04171D7622DE576E0006B6F7 /* Resources */ = {
			isa = PBXResourcesBuildPhase;
			buildActionMask = 2147483647;
			files = (
			);
			runOnlyForDeploymentPostprocessing = 0;
		};
		04171D8122DE576E0006B6F7 /* Resources */ = {
			isa = PBXResourcesBuildPhase;
			buildActionMask = 2147483647;
			files = (
			);
			runOnlyForDeploymentPostprocessing = 0;
		};
/* End PBXResourcesBuildPhase section */

/* Begin PBXSourcesBuildPhase section */
		04171D6022DE576D0006B6F7 /* Sources */ = {
			isa = PBXSourcesBuildPhase;
			buildActionMask = 2147483647;
			files = (
				04171DAB22DE59ED0006B6F7 /* AppDelegate.swift in Sources */,
				04171DAE22DE5AC80006B6F7 /* mapAnnotations.xcdatamodeld in Sources */,
				04171DA322DE58610006B6F7 /* CollectionViewCell.swift in Sources */,
				04171DA522DE58690006B6F7 /* Client.swift in Sources */,
				04171DA122DE58610006B6F7 /* ImagesViewController.swift in Sources */,
				04171DA922DE58700006B6F7 /* DataController.swift in Sources */,
				0405B46122EB8E0500A46834 /* parseClient.swift in Sources */,
				04171DA222DE58610006B6F7 /* MapViewController.swift in Sources */,
			);
			runOnlyForDeploymentPostprocessing = 0;
		};
		04171D7422DE576E0006B6F7 /* Sources */ = {
			isa = PBXSourcesBuildPhase;
			buildActionMask = 2147483647;
			files = (
				04171D7D22DE576E0006B6F7 /* virtual_torrestTests.swift in Sources */,
			);
			runOnlyForDeploymentPostprocessing = 0;
		};
		04171D7F22DE576E0006B6F7 /* Sources */ = {
			isa = PBXSourcesBuildPhase;
			buildActionMask = 2147483647;
			files = (
				04171D8822DE576E0006B6F7 /* virtual_torrestUITests.swift in Sources */,
			);
			runOnlyForDeploymentPostprocessing = 0;
		};
/* End PBXSourcesBuildPhase section */

/* Begin PBXTargetDependency section */
		04171D7A22DE576E0006B6F7 /* PBXTargetDependency */ = {
			isa = PBXTargetDependency;
			target = 04171D6322DE576D0006B6F7 /* virtual-torrest */;
			targetProxy = 04171D7922DE576E0006B6F7 /* PBXContainerItemProxy */;
		};
		04171D8522DE576E0006B6F7 /* PBXTargetDependency */ = {
			isa = PBXTargetDependency;
			target = 04171D6322DE576D0006B6F7 /* virtual-torrest */;
			targetProxy = 04171D8422DE576E0006B6F7 /* PBXContainerItemProxy */;
		};
/* End PBXTargetDependency section */

/* Begin PBXVariantGroup section */
		04171D7022DE576E0006B6F7 /* LaunchScreen.storyboard */ = {
			isa = PBXVariantGroup;
			children = (
				04171D7122DE576E0006B6F7 /* Base */,
			);
			name = LaunchScreen.storyboard;
			sourceTree = "<group>";
		};
/* End PBXVariantGroup section */

/* Begin XCBuildConfiguration section */
		04171D8A22DE576E0006B6F7 /* Debug */ = {
			isa = XCBuildConfiguration;
			buildSettings = {
				ALWAYS_SEARCH_USER_PATHS = NO;
				CLANG_ANALYZER_NONNULL = YES;
				CLANG_ANALYZER_NUMBER_OBJECT_CONVERSION = YES_AGGRESSIVE;
				CLANG_CXX_LANGUAGE_STANDARD = "gnu++14";
				CLANG_CXX_LIBRARY = "libc++";
				CLANG_ENABLE_MODULES = YES;
				CLANG_ENABLE_OBJC_ARC = YES;
				CLANG_ENABLE_OBJC_WEAK = YES;
				CLANG_WARN_BLOCK_CAPTURE_AUTORELEASING = YES;
				CLANG_WARN_BOOL_CONVERSION = YES;
				CLANG_WARN_COMMA = YES;
				CLANG_WARN_CONSTANT_CONVERSION = YES;
				CLANG_WARN_DEPRECATED_OBJC_IMPLEMENTATIONS = YES;
				CLANG_WARN_DIRECT_OBJC_ISA_USAGE = YES_ERROR;
				CLANG_WARN_DOCUMENTATION_COMMENTS = YES;
				CLANG_WARN_EMPTY_BODY = YES;
				CLANG_WARN_ENUM_CONVERSION = YES;
				CLANG_WARN_INFINITE_RECURSION = YES;
				CLANG_WARN_INT_CONVERSION = YES;
				CLANG_WARN_NON_LITERAL_NULL_CONVERSION = YES;
				CLANG_WARN_OBJC_IMPLICIT_RETAIN_SELF = YES;
				CLANG_WARN_OBJC_LITERAL_CONVERSION = YES;
				CLANG_WARN_OBJC_ROOT_CLASS = YES_ERROR;
				CLANG_WARN_RANGE_LOOP_ANALYSIS = YES;
				CLANG_WARN_STRICT_PROTOTYPES = YES;
				CLANG_WARN_SUSPICIOUS_MOVE = YES;
				CLANG_WARN_UNGUARDED_AVAILABILITY = YES_AGGRESSIVE;
				CLANG_WARN_UNREACHABLE_CODE = YES;
				CLANG_WARN__DUPLICATE_METHOD_MATCH = YES;
				CODE_SIGN_IDENTITY = "iPhone Developer";
				COPY_PHASE_STRIP = NO;
				DEBUG_INFORMATION_FORMAT = dwarf;
				ENABLE_STRICT_OBJC_MSGSEND = YES;
				ENABLE_TESTABILITY = YES;
				GCC_C_LANGUAGE_STANDARD = gnu11;
				GCC_DYNAMIC_NO_PIC = NO;
				GCC_NO_COMMON_BLOCKS = YES;
				GCC_OPTIMIZATION_LEVEL = 0;
				GCC_PREPROCESSOR_DEFINITIONS = (
					"DEBUG=1",
					"$(inherited)",
				);
				GCC_WARN_64_TO_32_BIT_CONVERSION = YES;
				GCC_WARN_ABOUT_RETURN_TYPE = YES_ERROR;
				GCC_WARN_UNDECLARED_SELECTOR = YES;
				GCC_WARN_UNINITIALIZED_AUTOS = YES_AGGRESSIVE;
				GCC_WARN_UNUSED_FUNCTION = YES;
				GCC_WARN_UNUSED_VARIABLE = YES;
				IPHONEOS_DEPLOYMENT_TARGET = 12.2;
				MTL_ENABLE_DEBUG_INFO = INCLUDE_SOURCE;
				MTL_FAST_MATH = YES;
				ONLY_ACTIVE_ARCH = YES;
				SDKROOT = iphoneos;
				SWIFT_ACTIVE_COMPILATION_CONDITIONS = DEBUG;
				SWIFT_OPTIMIZATION_LEVEL = "-Onone";
			};
			name = Debug;
		};
		04171D8B22DE576E0006B6F7 /* Release */ = {
			isa = XCBuildConfiguration;
			buildSettings = {
				ALWAYS_SEARCH_USER_PATHS = NO;
				CLANG_ANALYZER_NONNULL = YES;
				CLANG_ANALYZER_NUMBER_OBJECT_CONVERSION = YES_AGGRESSIVE;
				CLANG_CXX_LANGUAGE_STANDARD = "gnu++14";
				CLANG_CXX_LIBRARY = "libc++";
				CLANG_ENABLE_MODULES = YES;
				CLANG_ENABLE_OBJC_ARC = YES;
				CLANG_ENABLE_OBJC_WEAK = YES;
				CLANG_WARN_BLOCK_CAPTURE_AUTORELEASING = YES;
				CLANG_WARN_BOOL_CONVERSION = YES;
				CLANG_WARN_COMMA = YES;
				CLANG_WARN_CONSTANT_CONVERSION = YES;
				CLANG_WARN_DEPRECATED_OBJC_IMPLEMENTATIONS = YES;
				CLANG_WARN_DIRECT_OBJC_ISA_USAGE = YES_ERROR;
				CLANG_WARN_DOCUMENTATION_COMMENTS = YES;
				CLANG_WARN_EMPTY_BODY = YES;
				CLANG_WARN_ENUM_CONVERSION = YES;
				CLANG_WARN_INFINITE_RECURSION = YES;
				CLANG_WARN_INT_CONVERSION = YES;
				CLANG_WARN_NON_LITERAL_NULL_CONVERSION = YES;
				CLANG_WARN_OBJC_IMPLICIT_RETAIN_SELF = YES;
				CLANG_WARN_OBJC_LITERAL_CONVERSION = YES;
				CLANG_WARN_OBJC_ROOT_CLASS = YES_ERROR;
				CLANG_WARN_RANGE_LOOP_ANALYSIS = YES;
				CLANG_WARN_STRICT_PROTOTYPES = YES;
				CLANG_WARN_SUSPICIOUS_MOVE = YES;
				CLANG_WARN_UNGUARDED_AVAILABILITY = YES_AGGRESSIVE;
				CLANG_WARN_UNREACHABLE_CODE = YES;
				CLANG_WARN__DUPLICATE_METHOD_MATCH = YES;
				CODE_SIGN_IDENTITY = "iPhone Developer";
				COPY_PHASE_STRIP = NO;
				DEBUG_INFORMATION_FORMAT = "dwarf-with-dsym";
				ENABLE_NS_ASSERTIONS = NO;
				ENABLE_STRICT_OBJC_MSGSEND = YES;
				GCC_C_LANGUAGE_STANDARD = gnu11;
				GCC_NO_COMMON_BLOCKS = YES;
				GCC_WARN_64_TO_32_BIT_CONVERSION = YES;
				GCC_WARN_ABOUT_RETURN_TYPE = YES_ERROR;
				GCC_WARN_UNDECLARED_SELECTOR = YES;
				GCC_WARN_UNINITIALIZED_AUTOS = YES_AGGRESSIVE;
				GCC_WARN_UNUSED_FUNCTION = YES;
				GCC_WARN_UNUSED_VARIABLE = YES;
				IPHONEOS_DEPLOYMENT_TARGET = 12.2;
				MTL_ENABLE_DEBUG_INFO = NO;
				MTL_FAST_MATH = YES;
				SDKROOT = iphoneos;
				SWIFT_COMPILATION_MODE = wholemodule;
				SWIFT_OPTIMIZATION_LEVEL = "-O";
				VALIDATE_PRODUCT = YES;
			};
			name = Release;
		};
		04171D8D22DE576E0006B6F7 /* Debug */ = {
			isa = XCBuildConfiguration;
			buildSettings = {
				ASSETCATALOG_COMPILER_APPICON_NAME = AppIcon;
				CODE_SIGN_STYLE = Automatic;
				DEVELOPMENT_TEAM = MCGPW2G8TH;
				INFOPLIST_FILE = "$(SRCROOT)/Info.plist";
				LD_RUNPATH_SEARCH_PATHS = (
					"$(inherited)",
					"@executable_path/Frameworks",
				);
				PRODUCT_BUNDLE_IDENTIFIER = "eslam.virtual-torrest";
				PRODUCT_NAME = "$(TARGET_NAME)";
				SWIFT_VERSION = 5.0;
				TARGETED_DEVICE_FAMILY = "1,2";
			};
			name = Debug;
		};
		04171D8E22DE576E0006B6F7 /* Release */ = {
			isa = XCBuildConfiguration;
			buildSettings = {
				ASSETCATALOG_COMPILER_APPICON_NAME = AppIcon;
				CODE_SIGN_STYLE = Automatic;
				DEVELOPMENT_TEAM = MCGPW2G8TH;
				INFOPLIST_FILE = "$(SRCROOT)/Info.plist";
				LD_RUNPATH_SEARCH_PATHS = (
					"$(inherited)",
					"@executable_path/Frameworks",
				);
				PRODUCT_BUNDLE_IDENTIFIER = "eslam.virtual-torrest";
				PRODUCT_NAME = "$(TARGET_NAME)";
				SWIFT_VERSION = 5.0;
				TARGETED_DEVICE_FAMILY = "1,2";
			};
			name = Release;
		};
		04171D9022DE576E0006B6F7 /* Debug */ = {
			isa = XCBuildConfiguration;
			buildSettings = {
				ALWAYS_EMBED_SWIFT_STANDARD_LIBRARIES = YES;
				BUNDLE_LOADER = "$(TEST_HOST)";
				CODE_SIGN_STYLE = Automatic;
				DEVELOPMENT_TEAM = MCGPW2G8TH;
				INFOPLIST_FILE = "virtual-torrestTests/Info.plist";
				LD_RUNPATH_SEARCH_PATHS = (
					"$(inherited)",
					"@executable_path/Frameworks",
					"@loader_path/Frameworks",
				);
				PRODUCT_BUNDLE_IDENTIFIER = "eslam.virtual-torrestTests";
				PRODUCT_NAME = "$(TARGET_NAME)";
				SWIFT_VERSION = 5.0;
				TARGETED_DEVICE_FAMILY = "1,2";
				TEST_HOST = "$(BUILT_PRODUCTS_DIR)/virtual-torrest.app/virtual-torrest";
			};
			name = Debug;
		};
		04171D9122DE576E0006B6F7 /* Release */ = {
			isa = XCBuildConfiguration;
			buildSettings = {
				ALWAYS_EMBED_SWIFT_STANDARD_LIBRARIES = YES;
				BUNDLE_LOADER = "$(TEST_HOST)";
				CODE_SIGN_STYLE = Automatic;
				DEVELOPMENT_TEAM = MCGPW2G8TH;
				INFOPLIST_FILE = "virtual-torrestTests/Info.plist";
				LD_RUNPATH_SEARCH_PATHS = (
					"$(inherited)",
					"@executable_path/Frameworks",
					"@loader_path/Frameworks",
				);
				PRODUCT_BUNDLE_IDENTIFIER = "eslam.virtual-torrestTests";
				PRODUCT_NAME = "$(TARGET_NAME)";
				SWIFT_VERSION = 5.0;
				TARGETED_DEVICE_FAMILY = "1,2";
				TEST_HOST = "$(BUILT_PRODUCTS_DIR)/virtual-torrest.app/virtual-torrest";
			};
			name = Release;
		};
		04171D9322DE576E0006B6F7 /* Debug */ = {
			isa = XCBuildConfiguration;
			buildSettings = {
				ALWAYS_EMBED_SWIFT_STANDARD_LIBRARIES = YES;
				CODE_SIGN_STYLE = Automatic;
				DEVELOPMENT_TEAM = MCGPW2G8TH;
				INFOPLIST_FILE = "virtual-torrestUITests/Info.plist";
				LD_RUNPATH_SEARCH_PATHS = (
					"$(inherited)",
					"@executable_path/Frameworks",
					"@loader_path/Frameworks",
				);
				PRODUCT_BUNDLE_IDENTIFIER = "eslam.virtual-torrestUITests";
				PRODUCT_NAME = "$(TARGET_NAME)";
				SWIFT_VERSION = 5.0;
				TARGETED_DEVICE_FAMILY = "1,2";
				TEST_TARGET_NAME = "virtual-torrest";
			};
			name = Debug;
		};
		04171D9422DE576E0006B6F7 /* Release */ = {
			isa = XCBuildConfiguration;
			buildSettings = {
				ALWAYS_EMBED_SWIFT_STANDARD_LIBRARIES = YES;
				CODE_SIGN_STYLE = Automatic;
				DEVELOPMENT_TEAM = MCGPW2G8TH;
				INFOPLIST_FILE = "virtual-torrestUITests/Info.plist";
				LD_RUNPATH_SEARCH_PATHS = (
					"$(inherited)",
					"@executable_path/Frameworks",
					"@loader_path/Frameworks",
				);
				PRODUCT_BUNDLE_IDENTIFIER = "eslam.virtual-torrestUITests";
				PRODUCT_NAME = "$(TARGET_NAME)";
				SWIFT_VERSION = 5.0;
				TARGETED_DEVICE_FAMILY = "1,2";
				TEST_TARGET_NAME = "virtual-torrest";
			};
			name = Release;
		};
/* End XCBuildConfiguration section */

/* Begin XCConfigurationList section */
		04171D5F22DE576D0006B6F7 /* Build configuration list for PBXProject "virtual-torrest" */ = {
			isa = XCConfigurationList;
			buildConfigurations = (
				04171D8A22DE576E0006B6F7 /* Debug */,
				04171D8B22DE576E0006B6F7 /* Release */,
			);
			defaultConfigurationIsVisible = 0;
			defaultConfigurationName = Release;
		};
		04171D8C22DE576E0006B6F7 /* Build configuration list for PBXNativeTarget "virtual-torrest" */ = {
			isa = XCConfigurationList;
			buildConfigurations = (
				04171D8D22DE576E0006B6F7 /* Debug */,
				04171D8E22DE576E0006B6F7 /* Release */,
			);
			defaultConfigurationIsVisible = 0;
			defaultConfigurationName = Release;
		};
		04171D8F22DE576E0006B6F7 /* Build configuration list for PBXNativeTarget "virtual-torrestTests" */ = {
			isa = XCConfigurationList;
			buildConfigurations = (
				04171D9022DE576E0006B6F7 /* Debug */,
				04171D9122DE576E0006B6F7 /* Release */,
			);
			defaultConfigurationIsVisible = 0;
			defaultConfigurationName = Release;
		};
		04171D9222DE576E0006B6F7 /* Build configuration list for PBXNativeTarget "virtual-torrestUITests" */ = {
			isa = XCConfigurationList;
			buildConfigurations = (
				04171D9322DE576E0006B6F7 /* Debug */,
				04171D9422DE576E0006B6F7 /* Release */,
			);
			defaultConfigurationIsVisible = 0;
			defaultConfigurationName = Release;
		};
/* End XCConfigurationList section */

/* Begin XCVersionGroup section */
		04171DAC22DE5AC80006B6F7 /* mapAnnotations.xcdatamodeld */ = {
			isa = XCVersionGroup;
			children = (
				04171DAD22DE5AC80006B6F7 /* mapAnnotations.xcdatamodel */,
			);
			currentVersion = 04171DAD22DE5AC80006B6F7 /* mapAnnotations.xcdatamodel */;
			path = mapAnnotations.xcdatamodeld;
			sourceTree = "<group>";
			versionGroupType = wrapper.xcdatamodel;
		};
/* End XCVersionGroup section */
	};
	rootObject = 04171D5C22DE576D0006B6F7 /* Project object */;
}
